
Microsoft Visual Studio Solution File, Format Version 12.00
# Visual Studio 15
VisualStudioVersion = 15.0.28307.136
MinimumVisualStudioVersion = 10.0.40219.1
Project("{8BC9CEB8-8B4A-11D0-8D11-00A0C91BC942}") = "classDate", "classDate\classDate.vcxproj", "{8183B22E-A510-447B-AEE0-D9AB63B9549E}"
EndProject
Global
	GlobalSection(SolutionConfigurationPlatforms) = preSolution
		Debug|x64 = Debug|x64
		Debug|x86 = Debug|x86
		Release|x64 = Release|x64
		Release|x86 = Release|x86
	EndGlobalSection
	GlobalSection(ProjectConfigurationPlatforms) = postSolution
		{8183B22E-A510-447B-AEE0-D9AB63B9549E}.Debug|x64.ActiveCfg = Debug|x64
		{8183B22E-A510-447B-AEE0-D9AB63B9549E}.Debug|x64.Build.0 = Debug|x64
		{8183B22E-A510-447B-AEE0-D9AB63B9549E}.Debug|x86.ActiveCfg = Debug|Win32
		{8183B22E-A510-447B-AEE0-D9AB63B9549E}.Debug|x86.Build.0 = Debug|Win32
		{8183B22E-A510-447B-AEE0-D9AB63B9549E}.Release|x64.ActiveCfg = Release|x64
		{8183B22E-A510-447B-AEE0-D9AB63B9549E}.Release|x64.Build.0 = Release|x64
		{8183B22E-A510-447B-AEE0-D9AB63B9549E}.Release|x86.ActiveCfg = Release|Win32
		{8183B22E-A510-447B-AEE0-D9AB63B9549E}.Release|x86.Build.0 = Release|Win32
	EndGlobalSection
	GlobalSection(SolutionProperties) = preSolution
		HideSolutionNode = FALSE
	EndGlobalSection
	GlobalSection(ExtensibilityGlobals) = postSolution
		SolutionGuid = {BA2FB30B-6325-446C-9725-4ADB706FBD25}
	EndGlobalSection
EndGlobal
